
Microsoft Visual Studio Solution File, Format Version 12.00
# Visual Studio Version 17
VisualStudioVersion = 17.9.34714.143
MinimumVisualStudioVersion = 10.0.40219.1
Project("{FAE04EC0-301F-11D3-BF4B-00C04F79EFBC}") = "AeternoApp", "AeternoApp\AeternoApp.csproj", "{A4BACF6A-F02E-4A44-BAE7-E490FB35C368}"
EndProject
Global
	GlobalSection(SolutionConfigurationPlatforms) = preSolution
		Debug|Any CPU = Debug|Any CPU
		Release|Any CPU = Release|Any CPU
	EndGlobalSection
	GlobalSection(ProjectConfigurationPlatforms) = postSolution
		{A4BACF6A-F02E-4A44-BAE7-E490FB35C368}.Debug|Any CPU.ActiveCfg = Debug|Any CPU
		{A4BACF6A-F02E-4A44-BAE7-E490FB35C368}.Debug|Any CPU.Build.0 = Debug|Any CPU
		{A4BACF6A-F02E-4A44-BAE7-E490FB35C368}.Release|Any CPU.ActiveCfg = Release|Any CPU
		{A4BACF6A-F02E-4A44-BAE7-E490FB35C368}.Release|Any CPU.Build.0 = Release|Any CPU
	EndGlobalSection
	GlobalSection(SolutionProperties) = preSolution
		HideSolutionNode = FALSE
	EndGlobalSection
	GlobalSection(ExtensibilityGlobals) = postSolution
		SolutionGuid = {10F15008-CB28-4F23-8A8F-0F0F274790C5}
	EndGlobalSection
EndGlobal
